
Microsoft Visual Studio Solution File, Format Version 12.00
# Visual Studio Version 17
VisualStudioVersion = 17.1.32228.430
MinimumVisualStudioVersion = 10.0.40219.1
Project("{2150E333-8FDC-42A3-9474-1A3956D46DE8}") = "src", "src", "{3F642EBC-1B1F-4F8C-998F-0DB720C6393D}"
EndProject
Project("{2150E333-8FDC-42A3-9474-1A3956D46DE8}") = "01 - ui", "01 - ui", "{271AB02A-F945-407F-8D54-6AC16BF78647}"
EndProject
Project("{2150E333-8FDC-42A3-9474-1A3956D46DE8}") = "02 - application", "02 - application", "{E53767F9-2DC5-442F-91AD-DE4ADE8F1916}"
EndProject
Project("{2150E333-8FDC-42A3-9474-1A3956D46DE8}") = "03 - domain", "03 - domain", "{9B94ADD7-DE62-42E3-8015-905F5B3FF803}"
EndProject
Project("{2150E333-8FDC-42A3-9474-1A3956D46DE8}") = "04 - infra", "04 - infra", "{72609A2E-D38A-4118-B835-DB50BF0A9D14}"
EndProject
Project("{2150E333-8FDC-42A3-9474-1A3956D46DE8}") = "test", "test", "{C8C14C28-4A00-4785-9117-F83C840C0D40}"
EndProject
Project("{FAE04EC0-301F-11D3-BF4B-00C04F79EFBC}") = "Chat.UI", "Chat.UI\Chat.UI.csproj", "{D833C94E-F128-47AD-B0E7-DF3AE0DE0FDE}"
EndProject
Project("{FAE04EC0-301F-11D3-BF4B-00C04F79EFBC}") = "Chat.Application", "Chat.Application\Chat.Application.csproj", "{2B799790-0D61-428E-B606-56F9D7487F2E}"
EndProject
Project("{FAE04EC0-301F-11D3-BF4B-00C04F79EFBC}") = "Chat.Domain", "Chat.Domain\Chat.Domain.csproj", "{51E68F75-6B41-40ED-AEE0-78DF4689A1AE}"
EndProject
Project("{FAE04EC0-301F-11D3-BF4B-00C04F79EFBC}") = "Chat.Infra.Data", "Chat.Infra.Data\Chat.Infra.Data.csproj", "{A6AF7CD3-821D-414C-97D8-41373AEEF096}"
EndProject
Global
	GlobalSection(SolutionConfigurationPlatforms) = preSolution
		Debug|Any CPU = Debug|Any CPU
		Release|Any CPU = Release|Any CPU
	EndGlobalSection
	GlobalSection(ProjectConfigurationPlatforms) = postSolution
		{D833C94E-F128-47AD-B0E7-DF3AE0DE0FDE}.Debug|Any CPU.ActiveCfg = Debug|Any CPU
		{D833C94E-F128-47AD-B0E7-DF3AE0DE0FDE}.Debug|Any CPU.Build.0 = Debug|Any CPU
		{D833C94E-F128-47AD-B0E7-DF3AE0DE0FDE}.Release|Any CPU.ActiveCfg = Release|Any CPU
		{D833C94E-F128-47AD-B0E7-DF3AE0DE0FDE}.Release|Any CPU.Build.0 = Release|Any CPU
		{2B799790-0D61-428E-B606-56F9D7487F2E}.Debug|Any CPU.ActiveCfg = Debug|Any CPU
		{2B799790-0D61-428E-B606-56F9D7487F2E}.Debug|Any CPU.Build.0 = Debug|Any CPU
		{2B799790-0D61-428E-B606-56F9D7487F2E}.Release|Any CPU.ActiveCfg = Release|Any CPU
		{2B799790-0D61-428E-B606-56F9D7487F2E}.Release|Any CPU.Build.0 = Release|Any CPU
		{51E68F75-6B41-40ED-AEE0-78DF4689A1AE}.Debug|Any CPU.ActiveCfg = Debug|Any CPU
		{51E68F75-6B41-40ED-AEE0-78DF4689A1AE}.Debug|Any CPU.Build.0 = Debug|Any CPU
		{51E68F75-6B41-40ED-AEE0-78DF4689A1AE}.Release|Any CPU.ActiveCfg = Release|Any CPU
		{51E68F75-6B41-40ED-AEE0-78DF4689A1AE}.Release|Any CPU.Build.0 = Release|Any CPU
		{A6AF7CD3-821D-414C-97D8-41373AEEF096}.Debug|Any CPU.ActiveCfg = Debug|Any CPU
		{A6AF7CD3-821D-414C-97D8-41373AEEF096}.Debug|Any CPU.Build.0 = Debug|Any CPU
		{A6AF7CD3-821D-414C-97D8-41373AEEF096}.Release|Any CPU.ActiveCfg = Release|Any CPU
		{A6AF7CD3-821D-414C-97D8-41373AEEF096}.Release|Any CPU.Build.0 = Release|Any CPU
	EndGlobalSection
	GlobalSection(SolutionProperties) = preSolution
		HideSolutionNode = FALSE
	EndGlobalSection
	GlobalSection(NestedProjects) = preSolution
		{271AB02A-F945-407F-8D54-6AC16BF78647} = {3F642EBC-1B1F-4F8C-998F-0DB720C6393D}
		{E53767F9-2DC5-442F-91AD-DE4ADE8F1916} = {3F642EBC-1B1F-4F8C-998F-0DB720C6393D}
		{9B94ADD7-DE62-42E3-8015-905F5B3FF803} = {3F642EBC-1B1F-4F8C-998F-0DB720C6393D}
		{72609A2E-D38A-4118-B835-DB50BF0A9D14} = {3F642EBC-1B1F-4F8C-998F-0DB720C6393D}
		{D833C94E-F128-47AD-B0E7-DF3AE0DE0FDE} = {271AB02A-F945-407F-8D54-6AC16BF78647}
		{2B799790-0D61-428E-B606-56F9D7487F2E} = {E53767F9-2DC5-442F-91AD-DE4ADE8F1916}
		{51E68F75-6B41-40ED-AEE0-78DF4689A1AE} = {9B94ADD7-DE62-42E3-8015-905F5B3FF803}
		{A6AF7CD3-821D-414C-97D8-41373AEEF096} = {72609A2E-D38A-4118-B835-DB50BF0A9D14}
	EndGlobalSection
	GlobalSection(ExtensibilityGlobals) = postSolution
		SolutionGuid = {19BC03A2-6453-4FAB-9F41-2389F404D5DF}
	EndGlobalSection
EndGlobal
